
Microsoft Visual Studio Solution File, Format Version 12.00
# Visual Studio Version 16
VisualStudioVersion = 16.0.30611.23
MinimumVisualStudioVersion = 10.0.40219.1
Project("{FAE04EC0-301F-11D3-BF4B-00C04F79EFBC}") = "WindowsFormsApp9", "WindowsFormsApp9\WindowsFormsApp9.csproj", "{75D7B54F-2CC4-49CE-8A36-3A21A4EE7E67}"
EndProject
Global
	GlobalSection(SolutionConfigurationPlatforms) = preSolution
		Debug|Any CPU = Debug|Any CPU
		Release|Any CPU = Release|Any CPU
	EndGlobalSection
	GlobalSection(ProjectConfigurationPlatforms) = postSolution
		{75D7B54F-2CC4-49CE-8A36-3A21A4EE7E67}.Debug|Any CPU.ActiveCfg = Debug|Any CPU
		{75D7B54F-2CC4-49CE-8A36-3A21A4EE7E67}.Debug|Any CPU.Build.0 = Debug|Any CPU
		{75D7B54F-2CC4-49CE-8A36-3A21A4EE7E67}.Release|Any CPU.ActiveCfg = Release|Any CPU
		{75D7B54F-2CC4-49CE-8A36-3A21A4EE7E67}.Release|Any CPU.Build.0 = Release|Any CPU
	EndGlobalSection
	GlobalSection(SolutionProperties) = preSolution
		HideSolutionNode = FALSE
	EndGlobalSection
	GlobalSection(ExtensibilityGlobals) = postSolution
		SolutionGuid = {5A40B674-9A3C-475E-8D23-FFA7872CF2BF}
	EndGlobalSection
EndGlobal
